
Microsoft Visual Studio Solution File, Format Version 12.00
# Visual Studio Version 17
VisualStudioVersion = 17.2.32630.192
MinimumVisualStudioVersion = 10.0.40219.1
Project("{FAE04EC0-301F-11D3-BF4B-00C04F79EFBC}") = "back", "Project1\back.csproj", "{FE195463-3033-4747-BAAC-AA25416A5E85}"
EndProject
Global
	GlobalSection(SolutionConfigurationPlatforms) = preSolution
		Debug|Any CPU = Debug|Any CPU
		Release|Any CPU = Release|Any CPU
	EndGlobalSection
	GlobalSection(ProjectConfigurationPlatforms) = postSolution
		{FE195463-3033-4747-BAAC-AA25416A5E85}.Debug|Any CPU.ActiveCfg = Debug|Any CPU
		{FE195463-3033-4747-BAAC-AA25416A5E85}.Debug|Any CPU.Build.0 = Debug|Any CPU
		{FE195463-3033-4747-BAAC-AA25416A5E85}.Release|Any CPU.ActiveCfg = Release|Any CPU
		{FE195463-3033-4747-BAAC-AA25416A5E85}.Release|Any CPU.Build.0 = Release|Any CPU
	EndGlobalSection
	GlobalSection(SolutionProperties) = preSolution
		HideSolutionNode = FALSE
	EndGlobalSection
	GlobalSection(ExtensibilityGlobals) = postSolution
		SolutionGuid = {9F19E00B-8114-457B-995C-E52FDB1B99F1}
	EndGlobalSection
EndGlobal
